// !$*UTF8*$!
{
	archiveVersion = 1;
	classes = {
	};
	objectVersion = 46;
	objects = {

/* Begin PBXBuildFile section */
		500C9C6F1A1600BE0018EE2F /* AccordionDescriptionTable.swift in Sources */ = {isa = PBXBuildFile; fileRef = 500C9C6E1A1600BE0018EE2F /* AccordionDescriptionTable.swift */; };
		500C9C721A1601250018EE2F /* DescriptionCell.swift in Sources */ = {isa = PBXBuildFile; fileRef = 500C9C711A1601250018EE2F /* DescriptionCell.swift */; };
		500C9C741A16195E0018EE2F /* Detail.swift in Sources */ = {isa = PBXBuildFile; fileRef = 500C9C731A16195E0018EE2F /* Detail.swift */; };
		501B6135199259CF00286A6E /* PGArchiver.swift in Sources */ = {isa = PBXBuildFile; fileRef = 501B6134199259CF00286A6E /* PGArchiver.swift */; };
		502F0434193FC90900516A0F /* ProductTableViewDelegate.m in Sources */ = {isa = PBXBuildFile; fileRef = 502F0433193FC90900516A0F /* ProductTableViewDelegate.m */; };
		5032BAB91A15B31F00A8359A /* Settings.swift in Sources */ = {isa = PBXBuildFile; fileRef = 5032BAB81A15B31F00A8359A /* Settings.swift */; };
		503BC46D1A01CF7F00CA22DC /* S3FileManager.swift in Sources */ = {isa = PBXBuildFile; fileRef = 503BC46C1A01CF7F00CA22DC /* S3FileManager.swift */; };
		5048DED7199F0A9B0014ABC4 /* Package.swift in Sources */ = {isa = PBXBuildFile; fileRef = 5048DED3199F0A9B0014ABC4 /* Package.swift */; };
		5048DED8199F0A9B0014ABC4 /* Product.swift in Sources */ = {isa = PBXBuildFile; fileRef = 5048DED4199F0A9B0014ABC4 /* Product.swift */; };
		5053F108194132B400EDF062 /* RMSwipeTableViewCell.m in Sources */ = {isa = PBXBuildFile; fileRef = 5053F107194132B400EDF062 /* RMSwipeTableViewCell.m */; };
		50637C63199247F40010A6EF /* User.swift in Sources */ = {isa = PBXBuildFile; fileRef = 50637C62199247F40010A6EF /* User.swift */; };
		507D0470193E7A18003CC3B6 /* UIView+Utils.m in Sources */ = {isa = PBXBuildFile; fileRef = 507D046F193E7A18003CC3B6 /* UIView+Utils.m */; };
		507D0476193E7CA4003CC3B6 /* ProductTableViewCell.m in Sources */ = {isa = PBXBuildFile; fileRef = 507D0475193E7CA4003CC3B6 /* ProductTableViewCell.m */; };
		50898DF01A07CE4F00B2EEC1 /* DealTextfieldDelegate.m in Sources */ = {isa = PBXBuildFile; fileRef = 50898DEF1A07CE4F00B2EEC1 /* DealTextfieldDelegate.m */; };
		508F8F3919F7108700610C3F /* Customer.swift in Sources */ = {isa = PBXBuildFile; fileRef = 508F8F3819F7108700610C3F /* Customer.swift */; };
		508F8F3B19F73A5F00610C3F /* GripSpinner.swift in Sources */ = {isa = PBXBuildFile; fileRef = 508F8F3A19F73A5F00610C3F /* GripSpinner.swift */; };
		509051291A20881000750A31 /* TutorialViewController.swift in Sources */ = {isa = PBXBuildFile; fileRef = 509051281A20881000750A31 /* TutorialViewController.swift */; };
		5094B1C21A06F12A00FE8BDD /* CustomerMerchCollectionCell.swift in Sources */ = {isa = PBXBuildFile; fileRef = 5094B1C11A06F12A00FE8BDD /* CustomerMerchCollectionCell.swift */; };
		5094B1C61A06F14500FE8BDD /* CustomerCollectionViewDelegate.swift in Sources */ = {isa = PBXBuildFile; fileRef = 5094B1C51A06F14500FE8BDD /* CustomerCollectionViewDelegate.swift */; };
		5094B1C81A06F14C00FE8BDD /* MerchandiseCollectionViewDelegate.swift in Sources */ = {isa = PBXBuildFile; fileRef = 5094B1C71A06F14C00FE8BDD /* MerchandiseCollectionViewDelegate.swift */; };
		5095EC6919AD49AF00D887F7 /* GripButton.swift in Sources */ = {isa = PBXBuildFile; fileRef = 5095EC6819AD49AF00D887F7 /* GripButton.swift */; };
		5095EC6C19AD595600D887F7 /* UIImage+Utils.m in Sources */ = {isa = PBXBuildFile; fileRef = 5095EC6B19AD595600D887F7 /* UIImage+Utils.m */; };
		5097550919AED47A006E7859 /* Dealmaker.swift in Sources */ = {isa = PBXBuildFile; fileRef = 5097550819AED47A006E7859 /* Dealmaker.swift */; };
		5097550B19AED59E006E7859 /* Rollback.swift in Sources */ = {isa = PBXBuildFile; fileRef = 5097550A19AED59E006E7859 /* Rollback.swift */; };
		5099444919AE86C100E7D004 /* ProductReceipt.swift in Sources */ = {isa = PBXBuildFile; fileRef = 5099444819AE86C100E7D004 /* ProductReceipt.swift */; };
		5099444B19AE86C600E7D004 /* Receipt.swift in Sources */ = {isa = PBXBuildFile; fileRef = 5099444A19AE86C600E7D004 /* Receipt.swift */; };
		509BA66118EB4E960011D374 /* Foundation.framework in Frameworks */ = {isa = PBXBuildFile; fileRef = 509BA66018EB4E960011D374 /* Foundation.framework */; };
		509BA66318EB4E960011D374 /* CoreGraphics.framework in Frameworks */ = {isa = PBXBuildFile; fileRef = 509BA66218EB4E960011D374 /* CoreGraphics.framework */; };
		509BA66518EB4E960011D374 /* UIKit.framework in Frameworks */ = {isa = PBXBuildFile; fileRef = 509BA66418EB4E960011D374 /* UIKit.framework */; };
		509BA66B18EB4E960011D374 /* InfoPlist.strings in Resources */ = {isa = PBXBuildFile; fileRef = 509BA66918EB4E960011D374 /* InfoPlist.strings */; };
		509BA66D18EB4E960011D374 /* main.m in Sources */ = {isa = PBXBuildFile; fileRef = 509BA66C18EB4E960011D374 /* main.m */; };
		509BA67118EB4E960011D374 /* AppDelegate.m in Sources */ = {isa = PBXBuildFile; fileRef = 509BA67018EB4E960011D374 /* AppDelegate.m */; };
		509BA67418EB4E960011D374 /* Main.storyboard in Resources */ = {isa = PBXBuildFile; fileRef = 509BA67218EB4E960011D374 /* Main.storyboard */; };
		509BA67918EB4E960011D374 /* Images.xcassets in Resources */ = {isa = PBXBuildFile; fileRef = 509BA67818EB4E960011D374 /* Images.xcassets */; };
		509BA68018EB4E960011D374 /* XCTest.framework in Frameworks */ = {isa = PBXBuildFile; fileRef = 509BA67F18EB4E960011D374 /* XCTest.framework */; };
		509BA68118EB4E960011D374 /* Foundation.framework in Frameworks */ = {isa = PBXBuildFile; fileRef = 509BA66018EB4E960011D374 /* Foundation.framework */; };
		509BA68218EB4E960011D374 /* UIKit.framework in Frameworks */ = {isa = PBXBuildFile; fileRef = 509BA66418EB4E960011D374 /* UIKit.framework */; };
		509BA68A18EB4E960011D374 /* InfoPlist.strings in Resources */ = {isa = PBXBuildFile; fileRef = 509BA68818EB4E960011D374 /* InfoPlist.strings */; };
		509BA68C18EB4E960011D374 /* GripTests.m in Sources */ = {isa = PBXBuildFile; fileRef = 509BA68B18EB4E960011D374 /* GripTests.m */; };
		509BA69B18EB50620011D374 /* LandingViewController.m in Sources */ = {isa = PBXBuildFile; fileRef = 509BA69A18EB50620011D374 /* LandingViewController.m */; };
		509BA69E18EB50930011D374 /* DealViewController.m in Sources */ = {isa = PBXBuildFile; fileRef = 509BA69D18EB50930011D374 /* DealViewController.m */; };
		509BB181193A756100FC8CC7 /* MBProgressHUD.m in Sources */ = {isa = PBXBuildFile; fileRef = 509BB149193A756100FC8CC7 /* MBProgressHUD.m */; };
		509BB183193A756100FC8CC7 /* MCBinder.m in Sources */ = {isa = PBXBuildFile; fileRef = 509BB151193A756100FC8CC7 /* MCBinder.m */; };
		509BB184193A756100FC8CC7 /* MCProperty.m in Sources */ = {isa = PBXBuildFile; fileRef = 509BB153193A756100FC8CC7 /* MCProperty.m */; };
		509BB185193A756100FC8CC7 /* MCCollectionView.m in Sources */ = {isa = PBXBuildFile; fileRef = 509BB156193A756100FC8CC7 /* MCCollectionView.m */; };
		509BB186193A756100FC8CC7 /* MCCollectionViewDelegate.m in Sources */ = {isa = PBXBuildFile; fileRef = 509BB158193A756100FC8CC7 /* MCCollectionViewDelegate.m */; };
		509BB187193A756100FC8CC7 /* MCTableView.m in Sources */ = {isa = PBXBuildFile; fileRef = 509BB15A193A756100FC8CC7 /* MCTableView.m */; };
		509BB188193A756100FC8CC7 /* MCButtonInterpreter.m in Sources */ = {isa = PBXBuildFile; fileRef = 509BB15D193A756100FC8CC7 /* MCButtonInterpreter.m */; };
		509BB189193A756100FC8CC7 /* MCImageViewInterpreter.m in Sources */ = {isa = PBXBuildFile; fileRef = 509BB15F193A756100FC8CC7 /* MCImageViewInterpreter.m */; };
		509BB18A193A756100FC8CC7 /* MCLabelInterpreter.m in Sources */ = {isa = PBXBuildFile; fileRef = 509BB161193A756100FC8CC7 /* MCLabelInterpreter.m */; };
		509BB18B193A756100FC8CC7 /* MCTextFieldInterpreter.m in Sources */ = {isa = PBXBuildFile; fileRef = 509BB163193A756100FC8CC7 /* MCTextFieldInterpreter.m */; };
		509BB18C193A756100FC8CC7 /* MCTextViewInterpreter.m in Sources */ = {isa = PBXBuildFile; fileRef = 509BB165193A756100FC8CC7 /* MCTextViewInterpreter.m */; };
		509BB18D193A756100FC8CC7 /* MCUIElementInterpreter.m in Sources */ = {isa = PBXBuildFile; fileRef = 509BB167193A756100FC8CC7 /* MCUIElementInterpreter.m */; };
		509BB18E193A756100FC8CC7 /* MBPickerView.m in Sources */ = {isa = PBXBuildFile; fileRef = 509BB169193A756100FC8CC7 /* MBPickerView.m */; };
		509BB18F193A756100FC8CC7 /* MBBoilerplateUtils.m in Sources */ = {isa = PBXBuildFile; fileRef = 509BB16D193A756100FC8CC7 /* MBBoilerplateUtils.m */; };
		509BB190193A756100FC8CC7 /* NSString+Utils.m in Sources */ = {isa = PBXBuildFile; fileRef = 509BB16F193A756100FC8CC7 /* NSString+Utils.m */; };
		509BB191193A756100FC8CC7 /* UIButton+Utils.m in Sources */ = {isa = PBXBuildFile; fileRef = 509BB171193A756100FC8CC7 /* UIButton+Utils.m */; };
		509BB192193A756100FC8CC7 /* UIImageView+Utils.m in Sources */ = {isa = PBXBuildFile; fileRef = 509BB173193A756100FC8CC7 /* UIImageView+Utils.m */; };
		509BB193193A756100FC8CC7 /* UILabel+Utils.m in Sources */ = {isa = PBXBuildFile; fileRef = 509BB175193A756100FC8CC7 /* UILabel+Utils.m */; };
		509BB195193A756100FC8CC7 /* MBObjectUtils.m in Sources */ = {isa = PBXBuildFile; fileRef = 509BB17B193A756100FC8CC7 /* MBObjectUtils.m */; };
		509BB196193A756100FC8CC7 /* MBPreCacher.m in Sources */ = {isa = PBXBuildFile; fileRef = 509BB17D193A756100FC8CC7 /* MBPreCacher.m */; };
		509BB197193A756100FC8CC7 /* MBViewAnimator.m in Sources */ = {isa = PBXBuildFile; fileRef = 509BB17F193A756100FC8CC7 /* MBViewAnimator.m */; };
		509BB19A193A7B9F00FC8CC7 /* CoreData.framework in Frameworks */ = {isa = PBXBuildFile; fileRef = 509BB199193A7B9F00FC8CC7 /* CoreData.framework */; };
		50AB237119B0EEFE001D62AB /* PackageTableViewDelegate.swift in Sources */ = {isa = PBXBuildFile; fileRef = 50AB237019B0EEFE001D62AB /* PackageTableViewDelegate.swift */; };
		50AB237319B0F381001D62AB /* MBViewPaneSlider.swift in Sources */ = {isa = PBXBuildFile; fileRef = 50AB237219B0F381001D62AB /* MBViewPaneSlider.swift */; };
		50AF2A8519DF32DF00F49EEE /* SignatureViewQuartzQuadratic.m in Sources */ = {isa = PBXBuildFile; fileRef = 50AF2A8419DF32DF00F49EEE /* SignatureViewQuartzQuadratic.m */; };
		50AF2A8719DF34DB00F49EEE /* QuartzCore.framework in Frameworks */ = {isa = PBXBuildFile; fileRef = 50AF2A8619DF34DB00F49EEE /* QuartzCore.framework */; };
		50B701AB1991D2AB0018FB31 /* Titillium-Black.otf in Resources */ = {isa = PBXBuildFile; fileRef = 50B7019B1991CFDC0018FB31 /* Titillium-Black.otf */; };
		50B701AC1991D2AB0018FB31 /* Titillium-Bold.otf in Resources */ = {isa = PBXBuildFile; fileRef = 50B7019C1991CFDC0018FB31 /* Titillium-Bold.otf */; };
		50B701AD1991D2AB0018FB31 /* Titillium-BoldItalic.otf in Resources */ = {isa = PBXBuildFile; fileRef = 50B7019D1991CFDC0018FB31 /* Titillium-BoldItalic.otf */; };
		50B701AE1991D2AB0018FB31 /* Titillium-BoldUpright.otf in Resources */ = {isa = PBXBuildFile; fileRef = 50B7019E1991CFDC0018FB31 /* Titillium-BoldUpright.otf */; };
		50B701AF1991D2AB0018FB31 /* Titillium-Light.otf in Resources */ = {isa = PBXBuildFile; fileRef = 50B7019F1991CFDC0018FB31 /* Titillium-Light.otf */; };
		50B701B01991D2AB0018FB31 /* Titillium-LightItalic.otf in Resources */ = {isa = PBXBuildFile; fileRef = 50B701A01991CFDC0018FB31 /* Titillium-LightItalic.otf */; };
		50B701B11991D2AB0018FB31 /* Titillium-LightUpright.otf in Resources */ = {isa = PBXBuildFile; fileRef = 50B701A11991CFDC0018FB31 /* Titillium-LightUpright.otf */; };
		50B701B21991D2AB0018FB31 /* Titillium-Regular.otf in Resources */ = {isa = PBXBuildFile; fileRef = 50B701A21991CFDC0018FB31 /* Titillium-Regular.otf */; };
		50B701B31991D2AB0018FB31 /* Titillium-RegularItalic.otf in Resources */ = {isa = PBXBuildFile; fileRef = 50B701A31991CFDC0018FB31 /* Titillium-RegularItalic.otf */; };
		50B701B41991D2AB0018FB31 /* Titillium-RegularUpright.otf in Resources */ = {isa = PBXBuildFile; fileRef = 50B701A41991CFDC0018FB31 /* Titillium-RegularUpright.otf */; };
		50B701B51991D2AB0018FB31 /* Titillium-Semibold.otf in Resources */ = {isa = PBXBuildFile; fileRef = 50B701A51991CFDC0018FB31 /* Titillium-Semibold.otf */; };
		50B701B61991D2AB0018FB31 /* Titillium-SemiboldItalic.otf in Resources */ = {isa = PBXBuildFile; fileRef = 50B701A61991CFDC0018FB31 /* Titillium-SemiboldItalic.otf */; };
		50B701B71991D2AB0018FB31 /* Titillium-SemiboldUpright.otf in Resources */ = {isa = PBXBuildFile; fileRef = 50B701A71991CFDC0018FB31 /* Titillium-SemiboldUpright.otf */; };
		50B701B81991D2AB0018FB31 /* Titillium-Thin.otf in Resources */ = {isa = PBXBuildFile; fileRef = 50B701A81991CFDC0018FB31 /* Titillium-Thin.otf */; };
		50B701B91991D2AB0018FB31 /* Titillium-ThinItalic.otf in Resources */ = {isa = PBXBuildFile; fileRef = 50B701A91991CFDC0018FB31 /* Titillium-ThinItalic.otf */; };
		50B701BA1991D2AB0018FB31 /* Titillium-ThinUpright.otf in Resources */ = {isa = PBXBuildFile; fileRef = 50B701AA1991CFDC0018FB31 /* Titillium-ThinUpright.otf */; };
		50C1A05A1A1297CC0005D961 /* NetworkUtils.swift in Sources */ = {isa = PBXBuildFile; fileRef = 50C1A0591A1297CC0005D961 /* NetworkUtils.swift */; };
		50C1A05C1A12E7FA0005D961 /* PGAppearance.swift in Sources */ = {isa = PBXBuildFile; fileRef = 50C1A05B1A12E7FA0005D961 /* PGAppearance.swift */; };
		50C1A05E1A12EC3E0005D961 /* MBUtils.swift in Sources */ = {isa = PBXBuildFile; fileRef = 50C1A05D1A12EC3E0005D961 /* MBUtils.swift */; };
		50CC00FF1A02CC1F00ED1E9D /* SigningViewController.swift in Sources */ = {isa = PBXBuildFile; fileRef = 50CC00FE1A02CC1F00ED1E9D /* SigningViewController.swift */; };
		50D718F319F7B65E00E6B731 /* PDFFactory.swift in Sources */ = {isa = PBXBuildFile; fileRef = 50D718F219F7B65E00E6B731 /* PDFFactory.swift */; };
		50E273FB1A22CDDB00C4B732 /* SystemConfiguration.framework in Frameworks */ = {isa = PBXBuildFile; fileRef = 50E273FA1A22CDDB00C4B732 /* SystemConfiguration.framework */; };
		50E273FD1A22CDEA00C4B732 /* libz.dylib in Frameworks */ = {isa = PBXBuildFile; fileRef = 50E273FC1A22CDEA00C4B732 /* libz.dylib */; };
		50E273FF1A22D0CD00C4B732 /* Analytics.swift in Sources */ = {isa = PBXBuildFile; fileRef = 50E273FE1A22D0CD00C4B732 /* Analytics.swift */; };
		50E8A84B1A18910800DA2DD7 /* CustomerMerchandiseDialog.m in Sources */ = {isa = PBXBuildFile; fileRef = 50E8A84A1A18910800DA2DD7 /* CustomerMerchandiseDialog.m */; };
		50EC987D199236D400C62BFE /* PGApiManager.swift in Sources */ = {isa = PBXBuildFile; fileRef = 50EC987C199236D400C62BFE /* PGApiManager.swift */; };
		50F7F44B1A12F57F00429941 /* GripTextfield.swift in Sources */ = {isa = PBXBuildFile; fileRef = 50F7F44A1A12F57F00429941 /* GripTextfield.swift */; };
		F35AE82AA7F5417A814DCAEE /* libPods.a in Frameworks */ = {isa = PBXBuildFile; fileRef = 57EC558AFF9D4E6D9C4B789A /* libPods.a */; };
/* End PBXBuildFile section */

/* Begin PBXContainerItemProxy section */
		509BA68318EB4E960011D374 /* PBXContainerItemProxy */ = {
			isa = PBXContainerItemProxy;
			containerPortal = 509BA65518EB4E960011D374 /* Project object */;
			proxyType = 1;
			remoteGlobalIDString = 509BA65C18EB4E960011D374;
			remoteInfo = Grip;
		};
/* End PBXContainerItemProxy section */

/* Begin PBXFileReference section */
		500C9C6E1A1600BE0018EE2F /* AccordionDescriptionTable.swift */ = {isa = PBXFileReference; fileEncoding = 4; lastKnownFileType = sourcecode.swift; path = AccordionDescriptionTable.swift; sourceTree = "<group>"; };
		500C9C711A1601250018EE2F /* DescriptionCell.swift */ = {isa = PBXFileReference; fileEncoding = 4; lastKnownFileType = sourcecode.swift; path = DescriptionCell.swift; sourceTree = "<group>"; };
		500C9C731A16195E0018EE2F /* Detail.swift */ = {isa = PBXFileReference; fileEncoding = 4; lastKnownFileType = sourcecode.swift; path = Detail.swift; sourceTree = "<group>"; };
		501B6134199259CF00286A6E /* PGArchiver.swift */ = {isa = PBXFileReference; fileEncoding = 4; lastKnownFileType = sourcecode.swift; path = PGArchiver.swift; sourceTree = "<group>"; };
		502F0432193FC90900516A0F /* ProductTableViewDelegate.h */ = {isa = PBXFileReference; fileEncoding = 4; lastKnownFileType = sourcecode.c.h; path = ProductTableViewDelegate.h; sourceTree = "<group>"; };
		502F0433193FC90900516A0F /* ProductTableViewDelegate.m */ = {isa = PBXFileReference; fileEncoding = 4; lastKnownFileType = sourcecode.c.objc; path = ProductTableViewDelegate.m; sourceTree = "<group>"; };
		5032BAB81A15B31F00A8359A /* Settings.swift */ = {isa = PBXFileReference; fileEncoding = 4; lastKnownFileType = sourcecode.swift; path = Settings.swift; sourceTree = "<group>"; };
		503BC46C1A01CF7F00CA22DC /* S3FileManager.swift */ = {isa = PBXFileReference; fileEncoding = 4; lastKnownFileType = sourcecode.swift; path = S3FileManager.swift; sourceTree = "<group>"; };
		5048DED3199F0A9B0014ABC4 /* Package.swift */ = {isa = PBXFileReference; fileEncoding = 4; lastKnownFileType = sourcecode.swift; path = Package.swift; sourceTree = "<group>"; };
		5048DED4199F0A9B0014ABC4 /* Product.swift */ = {isa = PBXFileReference; fileEncoding = 4; lastKnownFileType = sourcecode.swift; path = Product.swift; sourceTree = "<group>"; };
		5053F106194132B400EDF062 /* RMSwipeTableViewCell.h */ = {isa = PBXFileReference; fileEncoding = 4; lastKnownFileType = sourcecode.c.h; path = RMSwipeTableViewCell.h; sourceTree = "<group>"; };
		5053F107194132B400EDF062 /* RMSwipeTableViewCell.m */ = {isa = PBXFileReference; fileEncoding = 4; lastKnownFileType = sourcecode.c.objc; path = RMSwipeTableViewCell.m; sourceTree = "<group>"; };
		50637C62199247F40010A6EF /* User.swift */ = {isa = PBXFileReference; fileEncoding = 4; lastKnownFileType = sourcecode.swift; path = User.swift; sourceTree = "<group>"; };
		507D046E193E7A18003CC3B6 /* UIView+Utils.h */ = {isa = PBXFileReference; fileEncoding = 4; lastKnownFileType = sourcecode.c.h; path = "UIView+Utils.h"; sourceTree = "<group>"; };
		507D046F193E7A18003CC3B6 /* UIView+Utils.m */ = {isa = PBXFileReference; fileEncoding = 4; lastKnownFileType = sourcecode.c.objc; path = "UIView+Utils.m"; sourceTree = "<group>"; };
		507D0474193E7CA4003CC3B6 /* ProductTableViewCell.h */ = {isa = PBXFileReference; fileEncoding = 4; lastKnownFileType = sourcecode.c.h; path = ProductTableViewCell.h; sourceTree = "<group>"; };
		507D0475193E7CA4003CC3B6 /* ProductTableViewCell.m */ = {isa = PBXFileReference; fileEncoding = 4; lastKnownFileType = sourcecode.c.objc; path = ProductTableViewCell.m; sourceTree = "<group>"; };
		50898DEE1A07CE4F00B2EEC1 /* DealTextfieldDelegate.h */ = {isa = PBXFileReference; fileEncoding = 4; lastKnownFileType = sourcecode.c.h; path = DealTextfieldDelegate.h; sourceTree = "<group>"; };
		50898DEF1A07CE4F00B2EEC1 /* DealTextfieldDelegate.m */ = {isa = PBXFileReference; fileEncoding = 4; lastKnownFileType = sourcecode.c.objc; path = DealTextfieldDelegate.m; sourceTree = "<group>"; };
		508F8F3819F7108700610C3F /* Customer.swift */ = {isa = PBXFileReference; fileEncoding = 4; lastKnownFileType = sourcecode.swift; path = Customer.swift; sourceTree = "<group>"; };
		508F8F3A19F73A5F00610C3F /* GripSpinner.swift */ = {isa = PBXFileReference; fileEncoding = 4; lastKnownFileType = sourcecode.swift; path = GripSpinner.swift; sourceTree = "<group>"; };
		509051281A20881000750A31 /* TutorialViewController.swift */ = {isa = PBXFileReference; fileEncoding = 4; lastKnownFileType = sourcecode.swift; path = TutorialViewController.swift; sourceTree = "<group>"; };
		5094B1C11A06F12A00FE8BDD /* CustomerMerchCollectionCell.swift */ = {isa = PBXFileReference; fileEncoding = 4; lastKnownFileType = sourcecode.swift; path = CustomerMerchCollectionCell.swift; sourceTree = "<group>"; };
		5094B1C51A06F14500FE8BDD /* CustomerCollectionViewDelegate.swift */ = {isa = PBXFileReference; fileEncoding = 4; lastKnownFileType = sourcecode.swift; path = CustomerCollectionViewDelegate.swift; sourceTree = "<group>"; };
		5094B1C71A06F14C00FE8BDD /* MerchandiseCollectionViewDelegate.swift */ = {isa = PBXFileReference; fileEncoding = 4; lastKnownFileType = sourcecode.swift; path = MerchandiseCollectionViewDelegate.swift; sourceTree = "<group>"; };
		5095EC6819AD49AF00D887F7 /* GripButton.swift */ = {isa = PBXFileReference; fileEncoding = 4; lastKnownFileType = sourcecode.swift; path = GripButton.swift; sourceTree = "<group>"; };
		5095EC6A19AD595600D887F7 /* UIImage+Utils.h */ = {isa = PBXFileReference; fileEncoding = 4; lastKnownFileType = sourcecode.c.h; path = "UIImage+Utils.h"; sourceTree = "<group>"; };
		5095EC6B19AD595600D887F7 /* UIImage+Utils.m */ = {isa = PBXFileReference; fileEncoding = 4; lastKnownFileType = sourcecode.c.objc; path = "UIImage+Utils.m"; sourceTree = "<group>"; };
		5097550819AED47A006E7859 /* Dealmaker.swift */ = {isa = PBXFileReference; fileEncoding = 4; lastKnownFileType = sourcecode.swift; path = Dealmaker.swift; sourceTree = "<group>"; };
		5097550A19AED59E006E7859 /* Rollback.swift */ = {isa = PBXFileReference; fileEncoding = 4; lastKnownFileType = sourcecode.swift; path = Rollback.swift; sourceTree = "<group>"; };
		5099444819AE86C100E7D004 /* ProductReceipt.swift */ = {isa = PBXFileReference; fileEncoding = 4; lastKnownFileType = sourcecode.swift; path = ProductReceipt.swift; sourceTree = "<group>"; };
		5099444A19AE86C600E7D004 /* Receipt.swift */ = {isa = PBXFileReference; fileEncoding = 4; lastKnownFileType = sourcecode.swift; path = Receipt.swift; sourceTree = "<group>"; };
		509BA65D18EB4E960011D374 /* Grip.app */ = {isa = PBXFileReference; explicitFileType = wrapper.application; includeInIndex = 0; path = Grip.app; sourceTree = BUILT_PRODUCTS_DIR; };
		509BA66018EB4E960011D374 /* Foundation.framework */ = {isa = PBXFileReference; lastKnownFileType = wrapper.framework; name = Foundation.framework; path = System/Library/Frameworks/Foundation.framework; sourceTree = SDKROOT; };
		509BA66218EB4E960011D374 /* CoreGraphics.framework */ = {isa = PBXFileReference; lastKnownFileType = wrapper.framework; name = CoreGraphics.framework; path = System/Library/Frameworks/CoreGraphics.framework; sourceTree = SDKROOT; };
		509BA66418EB4E960011D374 /* UIKit.framework */ = {isa = PBXFileReference; lastKnownFileType = wrapper.framework; name = UIKit.framework; path = System/Library/Frameworks/UIKit.framework; sourceTree = SDKROOT; };
		509BA66818EB4E960011D374 /* Grip-Info.plist */ = {isa = PBXFileReference; lastKnownFileType = text.plist.xml; path = "Grip-Info.plist"; sourceTree = "<group>"; };
		509BA66A18EB4E960011D374 /* en */ = {isa = PBXFileReference; lastKnownFileType = text.plist.strings; name = en; path = en.lproj/InfoPlist.strings; sourceTree = "<group>"; };
		509BA66C18EB4E960011D374 /* main.m */ = {isa = PBXFileReference; lastKnownFileType = sourcecode.c.objc; path = main.m; sourceTree = "<group>"; };
		509BA66E18EB4E960011D374 /* Grip-Prefix.pch */ = {isa = PBXFileReference; lastKnownFileType = sourcecode.c.h; path = "Grip-Prefix.pch"; sourceTree = "<group>"; };
		509BA66F18EB4E960011D374 /* AppDelegate.h */ = {isa = PBXFileReference; lastKnownFileType = sourcecode.c.h; path = AppDelegate.h; sourceTree = "<group>"; };
		509BA67018EB4E960011D374 /* AppDelegate.m */ = {isa = PBXFileReference; lastKnownFileType = sourcecode.c.objc; path = AppDelegate.m; sourceTree = "<group>"; };
		509BA67318EB4E960011D374 /* Base */ = {isa = PBXFileReference; lastKnownFileType = file.storyboard; name = Base; path = Base.lproj/Main.storyboard; sourceTree = "<group>"; };
		509BA67818EB4E960011D374 /* Images.xcassets */ = {isa = PBXFileReference; lastKnownFileType = folder.assetcatalog; path = Images.xcassets; sourceTree = "<group>"; };
		509BA67E18EB4E960011D374 /* GripTests.xctest */ = {isa = PBXFileReference; explicitFileType = wrapper.cfbundle; includeInIndex = 0; path = GripTests.xctest; sourceTree = BUILT_PRODUCTS_DIR; };
		509BA67F18EB4E960011D374 /* XCTest.framework */ = {isa = PBXFileReference; lastKnownFileType = wrapper.framework; name = XCTest.framework; path = Library/Frameworks/XCTest.framework; sourceTree = DEVELOPER_DIR; };
		509BA68718EB4E960011D374 /* GripTests-Info.plist */ = {isa = PBXFileReference; lastKnownFileType = text.plist.xml; path = "GripTests-Info.plist"; sourceTree = "<group>"; };
		509BA68918EB4E960011D374 /* en */ = {isa = PBXFileReference; lastKnownFileType = text.plist.strings; name = en; path = en.lproj/InfoPlist.strings; sourceTree = "<group>"; };
		509BA68B18EB4E960011D374 /* GripTests.m */ = {isa = PBXFileReference; lastKnownFileType = sourcecode.c.objc; path = GripTests.m; sourceTree = "<group>"; };
		509BA69918EB50620011D374 /* LandingViewController.h */ = {isa = PBXFileReference; fileEncoding = 4; lastKnownFileType = sourcecode.c.h; path = LandingViewController.h; sourceTree = "<group>"; };
		509BA69A18EB50620011D374 /* LandingViewController.m */ = {isa = PBXFileReference; fileEncoding = 4; lastKnownFileType = sourcecode.c.objc; path = LandingViewController.m; sourceTree = "<group>"; };
		509BA69C18EB50930011D374 /* DealViewController.h */ = {isa = PBXFileReference; fileEncoding = 4; lastKnownFileType = sourcecode.c.h; path = DealViewController.h; sourceTree = "<group>"; };
		509BA69D18EB50930011D374 /* DealViewController.m */ = {isa = PBXFileReference; fileEncoding = 4; lastKnownFileType = sourcecode.c.objc; path = DealViewController.m; sourceTree = "<group>"; };
		509BB148193A756100FC8CC7 /* MBProgressHUD.h */ = {isa = PBXFileReference; fileEncoding = 4; lastKnownFileType = sourcecode.c.h; path = MBProgressHUD.h; sourceTree = "<group>"; };
		509BB149193A756100FC8CC7 /* MBProgressHUD.m */ = {isa = PBXFileReference; fileEncoding = 4; lastKnownFileType = sourcecode.c.objc; path = MBProgressHUD.m; sourceTree = "<group>"; };
		509BB150193A756100FC8CC7 /* MCBinder.h */ = {isa = PBXFileReference; fileEncoding = 4; lastKnownFileType = sourcecode.c.h; path = MCBinder.h; sourceTree = "<group>"; };
		509BB151193A756100FC8CC7 /* MCBinder.m */ = {isa = PBXFileReference; fileEncoding = 4; lastKnownFileType = sourcecode.c.objc; path = MCBinder.m; sourceTree = "<group>"; };
		509BB152193A756100FC8CC7 /* MCProperty.h */ = {isa = PBXFileReference; fileEncoding = 4; lastKnownFileType = sourcecode.c.h; path = MCProperty.h; sourceTree = "<group>"; };
		509BB153193A756100FC8CC7 /* MCProperty.m */ = {isa = PBXFileReference; fileEncoding = 4; lastKnownFileType = sourcecode.c.objc; path = MCProperty.m; sourceTree = "<group>"; };
		509BB155193A756100FC8CC7 /* MCCollectionView.h */ = {isa = PBXFileReference; fileEncoding = 4; lastKnownFileType = sourcecode.c.h; path = MCCollectionView.h; sourceTree = "<group>"; };
		509BB156193A756100FC8CC7 /* MCCollectionView.m */ = {isa = PBXFileReference; fileEncoding = 4; lastKnownFileType = sourcecode.c.objc; path = MCCollectionView.m; sourceTree = "<group>"; };
		509BB157193A756100FC8CC7 /* MCCollectionViewDelegate.h */ = {isa = PBXFileReference; fileEncoding = 4; lastKnownFileType = sourcecode.c.h; path = MCCollectionViewDelegate.h; sourceTree = "<group>"; };
		509BB158193A756100FC8CC7 /* MCCollectionViewDelegate.m */ = {isa = PBXFileReference; fileEncoding = 4; lastKnownFileType = sourcecode.c.objc; path = MCCollectionViewDelegate.m; sourceTree = "<group>"; };
		509BB159193A756100FC8CC7 /* MCTableView.h */ = {isa = PBXFileReference; fileEncoding = 4; lastKnownFileType = sourcecode.c.h; path = MCTableView.h; sourceTree = "<group>"; };
		509BB15A193A756100FC8CC7 /* MCTableView.m */ = {isa = PBXFileReference; fileEncoding = 4; lastKnownFileType = sourcecode.c.objc; path = MCTableView.m; sourceTree = "<group>"; };
		509BB15C193A756100FC8CC7 /* MCButtonInterpreter.h */ = {isa = PBXFileReference; fileEncoding = 4; lastKnownFileType = sourcecode.c.h; path = MCButtonInterpreter.h; sourceTree = "<group>"; };
		509BB15D193A756100FC8CC7 /* MCButtonInterpreter.m */ = {isa = PBXFileReference; fileEncoding = 4; lastKnownFileType = sourcecode.c.objc; path = MCButtonInterpreter.m; sourceTree = "<group>"; };
		509BB15E193A756100FC8CC7 /* MCImageViewInterpreter.h */ = {isa = PBXFileReference; fileEncoding = 4; lastKnownFileType = sourcecode.c.h; path = MCImageViewInterpreter.h; sourceTree = "<group>"; };
		509BB15F193A756100FC8CC7 /* MCImageViewInterpreter.m */ = {isa = PBXFileReference; fileEncoding = 4; lastKnownFileType = sourcecode.c.objc; path = MCImageViewInterpreter.m; sourceTree = "<group>"; };
		509BB160193A756100FC8CC7 /* MCLabelInterpreter.h */ = {isa = PBXFileReference; fileEncoding = 4; lastKnownFileType = sourcecode.c.h; path = MCLabelInterpreter.h; sourceTree = "<group>"; };
		509BB161193A756100FC8CC7 /* MCLabelInterpreter.m */ = {isa = PBXFileReference; fileEncoding = 4; lastKnownFileType = sourcecode.c.objc; path = MCLabelInterpreter.m; sourceTree = "<group>"; };
		509BB162193A756100FC8CC7 /* MCTextFieldInterpreter.h */ = {isa = PBXFileReference; fileEncoding = 4; lastKnownFileType = sourcecode.c.h; path = MCTextFieldInterpreter.h; sourceTree = "<group>"; };
		509BB163193A756100FC8CC7 /* MCTextFieldInterpreter.m */ = {isa = PBXFileReference; fileEncoding = 4; lastKnownFileType = sourcecode.c.objc; path = MCTextFieldInterpreter.m; sourceTree = "<group>"; };
		509BB164193A756100FC8CC7 /* MCTextViewInterpreter.h */ = {isa = PBXFileReference; fileEncoding = 4; lastKnownFileType = sourcecode.c.h; path = MCTextViewInterpreter.h; sourceTree = "<group>"; };
		509BB165193A756100FC8CC7 /* MCTextViewInterpreter.m */ = {isa = PBXFileReference; fileEncoding = 4; lastKnownFileType = sourcecode.c.objc; path = MCTextViewInterpreter.m; sourceTree = "<group>"; };
		509BB166193A756100FC8CC7 /* MCUIElementInterpreter.h */ = {isa = PBXFileReference; fileEncoding = 4; lastKnownFileType = sourcecode.c.h; path = MCUIElementInterpreter.h; sourceTree = "<group>"; };
		509BB167193A756100FC8CC7 /* MCUIElementInterpreter.m */ = {isa = PBXFileReference; fileEncoding = 4; lastKnownFileType = sourcecode.c.objc; path = MCUIElementInterpreter.m; sourceTree = "<group>"; };
		509BB168193A756100FC8CC7 /* MBPickerView.h */ = {isa = PBXFileReference; fileEncoding = 4; lastKnownFileType = sourcecode.c.h; path = MBPickerView.h; sourceTree = "<group>"; };
		509BB169193A756100FC8CC7 /* MBPickerView.m */ = {isa = PBXFileReference; fileEncoding = 4; lastKnownFileType = sourcecode.c.objc; path = MBPickerView.m; sourceTree = "<group>"; };
		509BB16C193A756100FC8CC7 /* MBBoilerplateUtils.h */ = {isa = PBXFileReference; fileEncoding = 4; lastKnownFileType = sourcecode.c.h; path = MBBoilerplateUtils.h; sourceTree = "<group>"; };
		509BB16D193A756100FC8CC7 /* MBBoilerplateUtils.m */ = {isa = PBXFileReference; fileEncoding = 4; lastKnownFileType = sourcecode.c.objc; path = MBBoilerplateUtils.m; sourceTree = "<group>"; };
		509BB16E193A756100FC8CC7 /* NSString+Utils.h */ = {isa = PBXFileReference; fileEncoding = 4; lastKnownFileType = sourcecode.c.h; path = "NSString+Utils.h"; sourceTree = "<group>"; };
		509BB16F193A756100FC8CC7 /* NSString+Utils.m */ = {isa = PBXFileReference; fileEncoding = 4; lastKnownFileType = sourcecode.c.objc; path = "NSString+Utils.m"; sourceTree = "<group>"; };
		509BB170193A756100FC8CC7 /* UIButton+Utils.h */ = {isa = PBXFileReference; fileEncoding = 4; lastKnownFileType = sourcecode.c.h; path = "UIButton+Utils.h"; sourceTree = "<group>"; };
		509BB171193A756100FC8CC7 /* UIButton+Utils.m */ = {isa = PBXFileReference; fileEncoding = 4; lastKnownFileType = sourcecode.c.objc; path = "UIButton+Utils.m"; sourceTree = "<group>"; };
		509BB172193A756100FC8CC7 /* UIImageView+Utils.h */ = {isa = PBXFileReference; fileEncoding = 4; lastKnownFileType = sourcecode.c.h; path = "UIImageView+Utils.h"; sourceTree = "<group>"; };
		509BB173193A756100FC8CC7 /* UIImageView+Utils.m */ = {isa = PBXFileReference; fileEncoding = 4; lastKnownFileType = sourcecode.c.objc; path = "UIImageView+Utils.m"; sourceTree = "<group>"; };
		509BB174193A756100FC8CC7 /* UILabel+Utils.h */ = {isa = PBXFileReference; fileEncoding = 4; lastKnownFileType = sourcecode.c.h; path = "UILabel+Utils.h"; sourceTree = "<group>"; };
		509BB175193A756100FC8CC7 /* UILabel+Utils.m */ = {isa = PBXFileReference; fileEncoding = 4; lastKnownFileType = sourcecode.c.objc; path = "UILabel+Utils.m"; sourceTree = "<group>"; };
		509BB17A193A756100FC8CC7 /* MBObjectUtils.h */ = {isa = PBXFileReference; fileEncoding = 4; lastKnownFileType = sourcecode.c.h; path = MBObjectUtils.h; sourceTree = "<group>"; };
		509BB17B193A756100FC8CC7 /* MBObjectUtils.m */ = {isa = PBXFileReference; fileEncoding = 4; lastKnownFileType = sourcecode.c.objc; path = MBObjectUtils.m; sourceTree = "<group>"; };
		509BB17C193A756100FC8CC7 /* MBPreCacher.h */ = {isa = PBXFileReference; fileEncoding = 4; lastKnownFileType = sourcecode.c.h; path = MBPreCacher.h; sourceTree = "<group>"; };
		509BB17D193A756100FC8CC7 /* MBPreCacher.m */ = {isa = PBXFileReference; fileEncoding = 4; lastKnownFileType = sourcecode.c.objc; path = MBPreCacher.m; sourceTree = "<group>"; };
		509BB17E193A756100FC8CC7 /* MBViewAnimator.h */ = {isa = PBXFileReference; fileEncoding = 4; lastKnownFileType = sourcecode.c.h; path = MBViewAnimator.h; sourceTree = "<group>"; };
		509BB17F193A756100FC8CC7 /* MBViewAnimator.m */ = {isa = PBXFileReference; fileEncoding = 4; lastKnownFileType = sourcecode.c.objc; path = MBViewAnimator.m; sourceTree = "<group>"; };
		509BB199193A7B9F00FC8CC7 /* CoreData.framework */ = {isa = PBXFileReference; lastKnownFileType = wrapper.framework; name = CoreData.framework; path = System/Library/Frameworks/CoreData.framework; sourceTree = SDKROOT; };
		50AB237019B0EEFE001D62AB /* PackageTableViewDelegate.swift */ = {isa = PBXFileReference; fileEncoding = 4; lastKnownFileType = sourcecode.swift; path = PackageTableViewDelegate.swift; sourceTree = "<group>"; };
		50AB237219B0F381001D62AB /* MBViewPaneSlider.swift */ = {isa = PBXFileReference; fileEncoding = 4; lastKnownFileType = sourcecode.swift; path = MBViewPaneSlider.swift; sourceTree = "<group>"; };
		50AF2A8319DF32DF00F49EEE /* SignatureViewQuartzQuadratic.h */ = {isa = PBXFileReference; fileEncoding = 4; lastKnownFileType = sourcecode.c.h; path = SignatureViewQuartzQuadratic.h; sourceTree = "<group>"; };
		50AF2A8419DF32DF00F49EEE /* SignatureViewQuartzQuadratic.m */ = {isa = PBXFileReference; fileEncoding = 4; lastKnownFileType = sourcecode.c.objc; path = SignatureViewQuartzQuadratic.m; sourceTree = "<group>"; };
		50AF2A8619DF34DB00F49EEE /* QuartzCore.framework */ = {isa = PBXFileReference; lastKnownFileType = wrapper.framework; name = QuartzCore.framework; path = System/Library/Frameworks/QuartzCore.framework; sourceTree = SDKROOT; };
		50B7019B1991CFDC0018FB31 /* Titillium-Black.otf */ = {isa = PBXFileReference; lastKnownFileType = file; path = "Titillium-Black.otf"; sourceTree = "<group>"; };
		50B7019C1991CFDC0018FB31 /* Titillium-Bold.otf */ = {isa = PBXFileReference; lastKnownFileType = file; path = "Titillium-Bold.otf"; sourceTree = "<group>"; };
		50B7019D1991CFDC0018FB31 /* Titillium-BoldItalic.otf */ = {isa = PBXFileReference; lastKnownFileType = file; path = "Titillium-BoldItalic.otf"; sourceTree = "<group>"; };
		50B7019E1991CFDC0018FB31 /* Titillium-BoldUpright.otf */ = {isa = PBXFileReference; lastKnownFileType = file; path = "Titillium-BoldUpright.otf"; sourceTree = "<group>"; };
		50B7019F1991CFDC0018FB31 /* Titillium-Light.otf */ = {isa = PBXFileReference; lastKnownFileType = file; path = "Titillium-Light.otf"; sourceTree = "<group>"; };
		50B701A01991CFDC0018FB31 /* Titillium-LightItalic.otf */ = {isa = PBXFileReference; lastKnownFileType = file; path = "Titillium-LightItalic.otf"; sourceTree = "<group>"; };
		50B701A11991CFDC0018FB31 /* Titillium-LightUpright.otf */ = {isa = PBXFileReference; lastKnownFileType = file; path = "Titillium-LightUpright.otf"; sourceTree = "<group>"; };
		50B701A21991CFDC0018FB31 /* Titillium-Regular.otf */ = {isa = PBXFileReference; lastKnownFileType = file; path = "Titillium-Regular.otf"; sourceTree = "<group>"; };
		50B701A31991CFDC0018FB31 /* Titillium-RegularItalic.otf */ = {isa = PBXFileReference; lastKnownFileType = file; path = "Titillium-RegularItalic.otf"; sourceTree = "<group>"; };
		50B701A41991CFDC0018FB31 /* Titillium-RegularUpright.otf */ = {isa = PBXFileReference; lastKnownFileType = file; path = "Titillium-RegularUpright.otf"; sourceTree = "<group>"; };
		50B701A51991CFDC0018FB31 /* Titillium-Semibold.otf */ = {isa = PBXFileReference; lastKnownFileType = file; path = "Titillium-Semibold.otf"; sourceTree = "<group>"; };
		50B701A61991CFDC0018FB31 /* Titillium-SemiboldItalic.otf */ = {isa = PBXFileReference; lastKnownFileType = file; path = "Titillium-SemiboldItalic.otf"; sourceTree = "<group>"; };
		50B701A71991CFDC0018FB31 /* Titillium-SemiboldUpright.otf */ = {isa = PBXFileReference; lastKnownFileType = file; path = "Titillium-SemiboldUpright.otf"; sourceTree = "<group>"; };
		50B701A81991CFDC0018FB31 /* Titillium-Thin.otf */ = {isa = PBXFileReference; lastKnownFileType = file; path = "Titillium-Thin.otf"; sourceTree = "<group>"; };
		50B701A91991CFDC0018FB31 /* Titillium-ThinItalic.otf */ = {isa = PBXFileReference; lastKnownFileType = file; path = "Titillium-ThinItalic.otf"; sourceTree = "<group>"; };
		50B701AA1991CFDC0018FB31 /* Titillium-ThinUpright.otf */ = {isa = PBXFileReference; lastKnownFileType = file; path = "Titillium-ThinUpright.otf"; sourceTree = "<group>"; };
		50C1A0591A1297CC0005D961 /* NetworkUtils.swift */ = {isa = PBXFileReference; fileEncoding = 4; lastKnownFileType = sourcecode.swift; path = NetworkUtils.swift; sourceTree = "<group>"; };
		50C1A05B1A12E7FA0005D961 /* PGAppearance.swift */ = {isa = PBXFileReference; fileEncoding = 4; lastKnownFileType = sourcecode.swift; path = PGAppearance.swift; sourceTree = "<group>"; };
		50C1A05D1A12EC3E0005D961 /* MBUtils.swift */ = {isa = PBXFileReference; fileEncoding = 4; lastKnownFileType = sourcecode.swift; path = MBUtils.swift; sourceTree = "<group>"; };
		50CC00FE1A02CC1F00ED1E9D /* SigningViewController.swift */ = {isa = PBXFileReference; fileEncoding = 4; lastKnownFileType = sourcecode.swift; path = SigningViewController.swift; sourceTree = "<group>"; };
		50D718F219F7B65E00E6B731 /* PDFFactory.swift */ = {isa = PBXFileReference; fileEncoding = 4; lastKnownFileType = sourcecode.swift; path = PDFFactory.swift; sourceTree = "<group>"; };
		50E273FA1A22CDDB00C4B732 /* SystemConfiguration.framework */ = {isa = PBXFileReference; lastKnownFileType = wrapper.framework; name = SystemConfiguration.framework; path = System/Library/Frameworks/SystemConfiguration.framework; sourceTree = SDKROOT; };
		50E273FC1A22CDEA00C4B732 /* libz.dylib */ = {isa = PBXFileReference; lastKnownFileType = "compiled.mach-o.dylib"; name = libz.dylib; path = usr/lib/libz.dylib; sourceTree = SDKROOT; };
		50E273FE1A22D0CD00C4B732 /* Analytics.swift */ = {isa = PBXFileReference; fileEncoding = 4; lastKnownFileType = sourcecode.swift; path = Analytics.swift; sourceTree = "<group>"; };
		50E8A8491A18910800DA2DD7 /* CustomerMerchandiseDialog.h */ = {isa = PBXFileReference; fileEncoding = 4; lastKnownFileType = sourcecode.c.h; path = CustomerMerchandiseDialog.h; sourceTree = "<group>"; };
		50E8A84A1A18910800DA2DD7 /* CustomerMerchandiseDialog.m */ = {isa = PBXFileReference; fileEncoding = 4; lastKnownFileType = sourcecode.c.objc; path = CustomerMerchandiseDialog.m; sourceTree = "<group>"; };
		50EC987B199236D400C62BFE /* Grip-Bridging-Header.h */ = {isa = PBXFileReference; lastKnownFileType = sourcecode.c.h; path = "Grip-Bridging-Header.h"; sourceTree = "<group>"; };
		50EC987C199236D400C62BFE /* PGApiManager.swift */ = {isa = PBXFileReference; fileEncoding = 4; lastKnownFileType = sourcecode.swift; path = PGApiManager.swift; sourceTree = "<group>"; };
		50F7F44A1A12F57F00429941 /* GripTextfield.swift */ = {isa = PBXFileReference; fileEncoding = 4; lastKnownFileType = sourcecode.swift; path = GripTextfield.swift; sourceTree = "<group>"; };
		57A7D9BD59B9FFFE3C20B052 /* Pods.debug.xcconfig */ = {isa = PBXFileReference; includeInIndex = 1; lastKnownFileType = text.xcconfig; name = Pods.debug.xcconfig; path = "Pods/Target Support Files/Pods/Pods.debug.xcconfig"; sourceTree = "<group>"; };
		57EC558AFF9D4E6D9C4B789A /* libPods.a */ = {isa = PBXFileReference; explicitFileType = archive.ar; includeInIndex = 0; path = libPods.a; sourceTree = BUILT_PRODUCTS_DIR; };
		59A0F1C841230A0A82BB3B08 /* Pods.release.xcconfig */ = {isa = PBXFileReference; includeInIndex = 1; lastKnownFileType = text.xcconfig; name = Pods.release.xcconfig; path = "Pods/Target Support Files/Pods/Pods.release.xcconfig"; sourceTree = "<group>"; };
/* End PBXFileReference section */

/* Begin PBXFrameworksBuildPhase section */
		509BA65A18EB4E960011D374 /* Frameworks */ = {
			isa = PBXFrameworksBuildPhase;
			buildActionMask = 2147483647;
			files = (
				50E273FD1A22CDEA00C4B732 /* libz.dylib in Frameworks */,
				50E273FB1A22CDDB00C4B732 /* SystemConfiguration.framework in Frameworks */,
				50AF2A8719DF34DB00F49EEE /* QuartzCore.framework in Frameworks */,
				509BB19A193A7B9F00FC8CC7 /* CoreData.framework in Frameworks */,
				509BA66318EB4E960011D374 /* CoreGraphics.framework in Frameworks */,
				509BA66518EB4E960011D374 /* UIKit.framework in Frameworks */,
				509BA66118EB4E960011D374 /* Foundation.framework in Frameworks */,
				F35AE82AA7F5417A814DCAEE /* libPods.a in Frameworks */,
			);
			runOnlyForDeploymentPostprocessing = 0;
		};
		509BA67B18EB4E960011D374 /* Frameworks */ = {
			isa = PBXFrameworksBuildPhase;
			buildActionMask = 2147483647;
			files = (
				509BA68018EB4E960011D374 /* XCTest.framework in Frameworks */,
				509BA68218EB4E960011D374 /* UIKit.framework in Frameworks */,
				509BA68118EB4E960011D374 /* Foundation.framework in Frameworks */,
			);
			runOnlyForDeploymentPostprocessing = 0;
		};
/* End PBXFrameworksBuildPhase section */

/* Begin PBXGroup section */
		500C9C701A1601130018EE2F /* DescriptionTable */ = {
			isa = PBXGroup;
			children = (
				500C9C6E1A1600BE0018EE2F /* AccordionDescriptionTable.swift */,
				500C9C711A1601250018EE2F /* DescriptionCell.swift */,
			);
			name = DescriptionTable;
			sourceTree = "<group>";
		};
		503BC46B1A01CF6C00CA22DC /* API */ = {
			isa = PBXGroup;
			children = (
				50C1A0591A1297CC0005D961 /* NetworkUtils.swift */,
				501B6134199259CF00286A6E /* PGArchiver.swift */,
				50EC987C199236D400C62BFE /* PGApiManager.swift */,
				503BC46C1A01CF7F00CA22DC /* S3FileManager.swift */,
			);
			name = API;
			sourceTree = "<group>";
		};
		5048DED9199F24FB0014ABC4 /* Objects */ = {
			isa = PBXGroup;
			children = (
				5048DED3199F0A9B0014ABC4 /* Package.swift */,
				5048DED4199F0A9B0014ABC4 /* Product.swift */,
				50637C62199247F40010A6EF /* User.swift */,
				5032BAB81A15B31F00A8359A /* Settings.swift */,
				500C9C731A16195E0018EE2F /* Detail.swift */,
				5099444819AE86C100E7D004 /* ProductReceipt.swift */,
				508F8F3819F7108700610C3F /* Customer.swift */,
				5099444A19AE86C600E7D004 /* Receipt.swift */,
			);
			name = Objects;
			sourceTree = "<group>";
		};
		5053F1051941327A00EDF062 /* SwipableTableCell */ = {
			isa = PBXGroup;
			children = (
				5053F106194132B400EDF062 /* RMSwipeTableViewCell.h */,
				5053F107194132B400EDF062 /* RMSwipeTableViewCell.m */,
			);
			name = SwipableTableCell;
			sourceTree = "<group>";
		};
		507D0477193E7CA7003CC3B6 /* ProductTable */ = {
			isa = PBXGroup;
			children = (
				502F0432193FC90900516A0F /* ProductTableViewDelegate.h */,
				502F0433193FC90900516A0F /* ProductTableViewDelegate.m */,
				507D0474193E7CA4003CC3B6 /* ProductTableViewCell.h */,
				507D0475193E7CA4003CC3B6 /* ProductTableViewCell.m */,
			);
			name = ProductTable;
			sourceTree = "<group>";
		};
		509BA65418EB4E960011D374 = {
			isa = PBXGroup;
			children = (
				509BA66618EB4E960011D374 /* Grip */,
				509BA68518EB4E960011D374 /* GripTests */,
				509BA65F18EB4E960011D374 /* Frameworks */,
				509BA65E18EB4E960011D374 /* Products */,
				EBEE016FC6764DDF517F5946 /* Pods */,
			);
			sourceTree = "<group>";
		};
		509BA65E18EB4E960011D374 /* Products */ = {
			isa = PBXGroup;
			children = (
				509BA65D18EB4E960011D374 /* Grip.app */,
				509BA67E18EB4E960011D374 /* GripTests.xctest */,
			);
			name = Products;
			sourceTree = "<group>";
		};
		509BA65F18EB4E960011D374 /* Frameworks */ = {
			isa = PBXGroup;
			children = (
				50E273FC1A22CDEA00C4B732 /* libz.dylib */,
				50E273FA1A22CDDB00C4B732 /* SystemConfiguration.framework */,
				50AF2A8619DF34DB00F49EEE /* QuartzCore.framework */,
				509BB199193A7B9F00FC8CC7 /* CoreData.framework */,
				509BA66018EB4E960011D374 /* Foundation.framework */,
				509BA66218EB4E960011D374 /* CoreGraphics.framework */,
				509BA66418EB4E960011D374 /* UIKit.framework */,
				509BA67F18EB4E960011D374 /* XCTest.framework */,
				57EC558AFF9D4E6D9C4B789A /* libPods.a */,
			);
			name = Frameworks;
			sourceTree = "<group>";
		};
		509BA66618EB4E960011D374 /* Grip */ = {
			isa = PBXGroup;
			children = (
				509BA69718EB4FF30011D374 /* Model */,
				509BA69518EB4FE90011D374 /* Controller */,
				509BA69618EB4FED0011D374 /* View */,
				509BA69818EB50020011D374 /* App */,
				509BA67818EB4E960011D374 /* Images.xcassets */,
				509BA66718EB4E960011D374 /* Supporting Files */,
			);
			path = Grip;
			sourceTree = "<group>";
		};
		509BA66718EB4E960011D374 /* Supporting Files */ = {
			isa = PBXGroup;
			children = (
				50B7019A1991CFD00018FB31 /* Fonts */,
				509BA66818EB4E960011D374 /* Grip-Info.plist */,
				509BA66918EB4E960011D374 /* InfoPlist.strings */,
				509BA66C18EB4E960011D374 /* main.m */,
				509BA66E18EB4E960011D374 /* Grip-Prefix.pch */,
				50EC987B199236D400C62BFE /* Grip-Bridging-Header.h */,
			);
			name = "Supporting Files";
			sourceTree = "<group>";
		};
		509BA68518EB4E960011D374 /* GripTests */ = {
			isa = PBXGroup;
			children = (
				509BA68B18EB4E960011D374 /* GripTests.m */,
				509BA68618EB4E960011D374 /* Supporting Files */,
			);
			path = GripTests;
			sourceTree = "<group>";
		};
		509BA68618EB4E960011D374 /* Supporting Files */ = {
			isa = PBXGroup;
			children = (
				509BA68718EB4E960011D374 /* GripTests-Info.plist */,
				509BA68818EB4E960011D374 /* InfoPlist.strings */,
			);
			name = "Supporting Files";
			sourceTree = "<group>";
		};
		509BA69518EB4FE90011D374 /* Controller */ = {
			isa = PBXGroup;
			children = (
				509BA69918EB50620011D374 /* LandingViewController.h */,
				509BA69A18EB50620011D374 /* LandingViewController.m */,
				509BA69C18EB50930011D374 /* DealViewController.h */,
				509BA69D18EB50930011D374 /* DealViewController.m */,
				509051281A20881000750A31 /* TutorialViewController.swift */,
				50CC00FE1A02CC1F00ED1E9D /* SigningViewController.swift */,
			);
			name = Controller;
			sourceTree = "<group>";
		};
		509BA69618EB4FED0011D374 /* View */ = {
			isa = PBXGroup;
			children = (
				509BA67218EB4E960011D374 /* Main.storyboard */,
				50898DEE1A07CE4F00B2EEC1 /* DealTextfieldDelegate.h */,
				50898DEF1A07CE4F00B2EEC1 /* DealTextfieldDelegate.m */,
				50E8A8491A18910800DA2DD7 /* CustomerMerchandiseDialog.h */,
				50E8A84A1A18910800DA2DD7 /* CustomerMerchandiseDialog.m */,
				50AF2A8319DF32DF00F49EEE /* SignatureViewQuartzQuadratic.h */,
				50AF2A8419DF32DF00F49EEE /* SignatureViewQuartzQuadratic.m */,
				5095EC6819AD49AF00D887F7 /* GripButton.swift */,
				508F8F3A19F73A5F00610C3F /* GripSpinner.swift */,
				50C1A05B1A12E7FA0005D961 /* PGAppearance.swift */,
				50F7F44A1A12F57F00429941 /* GripTextfield.swift */,
				500C9C701A1601130018EE2F /* DescriptionTable */,
				507D0477193E7CA7003CC3B6 /* ProductTable */,
				50AB237419B124AB001D62AB /* Customer, Merchandise Collection */,
			);
			name = View;
			sourceTree = "<group>";
		};
		509BA69718EB4FF30011D374 /* Model */ = {
			isa = PBXGroup;
			children = (
				5048DED9199F24FB0014ABC4 /* Objects */,
				503BC46B1A01CF6C00CA22DC /* API */,
				5097550819AED47A006E7859 /* Dealmaker.swift */,
				5097550A19AED59E006E7859 /* Rollback.swift */,
				50D718F219F7B65E00E6B731 /* PDFFactory.swift */,
				50E273FE1A22D0CD00C4B732 /* Analytics.swift */,
			);
			name = Model;
			sourceTree = "<group>";
		};
		509BA69818EB50020011D374 /* App */ = {
			isa = PBXGroup;
			children = (
				509BB198193A757800FC8CC7 /* Frameworks */,
				509BA66F18EB4E960011D374 /* AppDelegate.h */,
				509BA67018EB4E960011D374 /* AppDelegate.m */,
			);
			name = App;
			sourceTree = "<group>";
		};
		509BB144193A756100FC8CC7 /* MBFramework */ = {
			isa = PBXGroup;
			children = (
				509BB145193A756100FC8CC7 /* ConnectionManager */,
				509BB14D193A756100FC8CC7 /* SuperAppleObjects */,
				509BB16A193A756100FC8CC7 /* Utils */,
			);
			path = MBFramework;
			sourceTree = "<group>";
		};
		509BB145193A756100FC8CC7 /* ConnectionManager */ = {
			isa = PBXGroup;
			children = (
				509BB148193A756100FC8CC7 /* MBProgressHUD.h */,
				509BB149193A756100FC8CC7 /* MBProgressHUD.m */,
			);
			path = ConnectionManager;
			sourceTree = "<group>";
		};
		509BB14D193A756100FC8CC7 /* SuperAppleObjects */ = {
			isa = PBXGroup;
			children = (
				509BB14E193A756100FC8CC7 /* BoundModelCollections */,
				509BB168193A756100FC8CC7 /* MBPickerView.h */,
				509BB169193A756100FC8CC7 /* MBPickerView.m */,
			);
			path = SuperAppleObjects;
			sourceTree = "<group>";
		};
		509BB14E193A756100FC8CC7 /* BoundModelCollections */ = {
			isa = PBXGroup;
			children = (
				509BB14F193A756100FC8CC7 /* Binder */,
				509BB154193A756100FC8CC7 /* Collections */,
				509BB15B193A756100FC8CC7 /* Interpreters */,
			);
			path = BoundModelCollections;
			sourceTree = "<group>";
		};
		509BB14F193A756100FC8CC7 /* Binder */ = {
			isa = PBXGroup;
			children = (
				509BB150193A756100FC8CC7 /* MCBinder.h */,
				509BB151193A756100FC8CC7 /* MCBinder.m */,
				509BB152193A756100FC8CC7 /* MCProperty.h */,
				509BB153193A756100FC8CC7 /* MCProperty.m */,
			);
			path = Binder;
			sourceTree = "<group>";
		};
		509BB154193A756100FC8CC7 /* Collections */ = {
			isa = PBXGroup;
			children = (
				509BB155193A756100FC8CC7 /* MCCollectionView.h */,
				509BB156193A756100FC8CC7 /* MCCollectionView.m */,
				509BB157193A756100FC8CC7 /* MCCollectionViewDelegate.h */,
				509BB158193A756100FC8CC7 /* MCCollectionViewDelegate.m */,
				509BB159193A756100FC8CC7 /* MCTableView.h */,
				509BB15A193A756100FC8CC7 /* MCTableView.m */,
			);
			path = Collections;
			sourceTree = "<group>";
		};
		509BB15B193A756100FC8CC7 /* Interpreters */ = {
			isa = PBXGroup;
			children = (
				509BB15C193A756100FC8CC7 /* MCButtonInterpreter.h */,
				509BB15D193A756100FC8CC7 /* MCButtonInterpreter.m */,
				509BB15E193A756100FC8CC7 /* MCImageViewInterpreter.h */,
				509BB15F193A756100FC8CC7 /* MCImageViewInterpreter.m */,
				509BB160193A756100FC8CC7 /* MCLabelInterpreter.h */,
				509BB161193A756100FC8CC7 /* MCLabelInterpreter.m */,
				509BB162193A756100FC8CC7 /* MCTextFieldInterpreter.h */,
				509BB163193A756100FC8CC7 /* MCTextFieldInterpreter.m */,
				509BB164193A756100FC8CC7 /* MCTextViewInterpreter.h */,
				509BB165193A756100FC8CC7 /* MCTextViewInterpreter.m */,
				509BB166193A756100FC8CC7 /* MCUIElementInterpreter.h */,
				509BB167193A756100FC8CC7 /* MCUIElementInterpreter.m */,
			);
			path = Interpreters;
			sourceTree = "<group>";
		};
		509BB16A193A756100FC8CC7 /* Utils */ = {
			isa = PBXGroup;
			children = (
				509BB16B193A756100FC8CC7 /* BoilerplateUtils */,
				509BB176193A756100FC8CC7 /* ObcjUtils */,
				509BB179193A756100FC8CC7 /* ObjectUtils */,
			);
			path = Utils;
			sourceTree = "<group>";
		};
		509BB16B193A756100FC8CC7 /* BoilerplateUtils */ = {
			isa = PBXGroup;
			children = (
				509BB16C193A756100FC8CC7 /* MBBoilerplateUtils.h */,
				509BB16D193A756100FC8CC7 /* MBBoilerplateUtils.m */,
				509BB16E193A756100FC8CC7 /* NSString+Utils.h */,
				509BB16F193A756100FC8CC7 /* NSString+Utils.m */,
				509BB170193A756100FC8CC7 /* UIButton+Utils.h */,
				509BB171193A756100FC8CC7 /* UIButton+Utils.m */,
				509BB172193A756100FC8CC7 /* UIImageView+Utils.h */,
				509BB173193A756100FC8CC7 /* UIImageView+Utils.m */,
				507D046E193E7A18003CC3B6 /* UIView+Utils.h */,
				507D046F193E7A18003CC3B6 /* UIView+Utils.m */,
				509BB174193A756100FC8CC7 /* UILabel+Utils.h */,
				509BB175193A756100FC8CC7 /* UILabel+Utils.m */,
				5095EC6A19AD595600D887F7 /* UIImage+Utils.h */,
				5095EC6B19AD595600D887F7 /* UIImage+Utils.m */,
			);
			path = BoilerplateUtils;
			sourceTree = "<group>";
		};
		509BB176193A756100FC8CC7 /* ObcjUtils */ = {
			isa = PBXGroup;
			children = (
				50C1A05D1A12EC3E0005D961 /* MBUtils.swift */,
			);
			path = ObcjUtils;
			sourceTree = "<group>";
		};
		509BB179193A756100FC8CC7 /* ObjectUtils */ = {
			isa = PBXGroup;
			children = (
				509BB17E193A756100FC8CC7 /* MBViewAnimator.h */,
				509BB17F193A756100FC8CC7 /* MBViewAnimator.m */,
				509BB17A193A756100FC8CC7 /* MBObjectUtils.h */,
				509BB17B193A756100FC8CC7 /* MBObjectUtils.m */,
				509BB17C193A756100FC8CC7 /* MBPreCacher.h */,
				509BB17D193A756100FC8CC7 /* MBPreCacher.m */,
				50AB237219B0F381001D62AB /* MBViewPaneSlider.swift */,
			);
			path = ObjectUtils;
			sourceTree = "<group>";
		};
		509BB198193A757800FC8CC7 /* Frameworks */ = {
			isa = PBXGroup;
			children = (
				5053F1051941327A00EDF062 /* SwipableTableCell */,
				509BB144193A756100FC8CC7 /* MBFramework */,
			);
			name = Frameworks;
			sourceTree = "<group>";
		};
		50AB237419B124AB001D62AB /* Customer, Merchandise Collection */ = {
			isa = PBXGroup;
			children = (
				50AB237019B0EEFE001D62AB /* PackageTableViewDelegate.swift */,
				5094B1C11A06F12A00FE8BDD /* CustomerMerchCollectionCell.swift */,
				5094B1C51A06F14500FE8BDD /* CustomerCollectionViewDelegate.swift */,
				5094B1C71A06F14C00FE8BDD /* MerchandiseCollectionViewDelegate.swift */,
			);
			name = "Customer, Merchandise Collection";
			sourceTree = "<group>";
		};
		50B7019A1991CFD00018FB31 /* Fonts */ = {
			isa = PBXGroup;
			children = (
				50B7019B1991CFDC0018FB31 /* Titillium-Black.otf */,
				50B7019C1991CFDC0018FB31 /* Titillium-Bold.otf */,
				50B7019D1991CFDC0018FB31 /* Titillium-BoldItalic.otf */,
				50B7019E1991CFDC0018FB31 /* Titillium-BoldUpright.otf */,
				50B7019F1991CFDC0018FB31 /* Titillium-Light.otf */,
				50B701A01991CFDC0018FB31 /* Titillium-LightItalic.otf */,
				50B701A11991CFDC0018FB31 /* Titillium-LightUpright.otf */,
				50B701A21991CFDC0018FB31 /* Titillium-Regular.otf */,
				50B701A31991CFDC0018FB31 /* Titillium-RegularItalic.otf */,
				50B701A41991CFDC0018FB31 /* Titillium-RegularUpright.otf */,
				50B701A51991CFDC0018FB31 /* Titillium-Semibold.otf */,
				50B701A61991CFDC0018FB31 /* Titillium-SemiboldItalic.otf */,
				50B701A71991CFDC0018FB31 /* Titillium-SemiboldUpright.otf */,
				50B701A81991CFDC0018FB31 /* Titillium-Thin.otf */,
				50B701A91991CFDC0018FB31 /* Titillium-ThinItalic.otf */,
				50B701AA1991CFDC0018FB31 /* Titillium-ThinUpright.otf */,
			);
			name = Fonts;
			sourceTree = "<group>";
		};
		EBEE016FC6764DDF517F5946 /* Pods */ = {
			isa = PBXGroup;
			children = (
				57A7D9BD59B9FFFE3C20B052 /* Pods.debug.xcconfig */,
				59A0F1C841230A0A82BB3B08 /* Pods.release.xcconfig */,
			);
			name = Pods;
			sourceTree = "<group>";
		};
/* End PBXGroup section */

/* Begin PBXNativeTarget section */
		509BA65C18EB4E960011D374 /* Grip */ = {
			isa = PBXNativeTarget;
			buildConfigurationList = 509BA68F18EB4E960011D374 /* Build configuration list for PBXNativeTarget "Grip" */;
			buildPhases = (
				D72C0A026DEB4F7E9CB4D697 /* Check Pods Manifest.lock */,
				509BA65918EB4E960011D374 /* Sources */,
				509BA65A18EB4E960011D374 /* Frameworks */,
				509BA65B18EB4E960011D374 /* Resources */,
				A25BBA665AEF4F7FB6542DE0 /* Copy Pods Resources */,
			);
			buildRules = (
			);
			dependencies = (
			);
			name = Grip;
			productName = Grip;
			productReference = 509BA65D18EB4E960011D374 /* Grip.app */;
			productType = "com.apple.product-type.application";
		};
		509BA67D18EB4E960011D374 /* GripTests */ = {
			isa = PBXNativeTarget;
			buildConfigurationList = 509BA69218EB4E960011D374 /* Build configuration list for PBXNativeTarget "GripTests" */;
			buildPhases = (
				509BA67A18EB4E960011D374 /* Sources */,
				509BA67B18EB4E960011D374 /* Frameworks */,
				509BA67C18EB4E960011D374 /* Resources */,
			);
			buildRules = (
			);
			dependencies = (
				509BA68418EB4E960011D374 /* PBXTargetDependency */,
			);
			name = GripTests;
			productName = GripTests;
			productReference = 509BA67E18EB4E960011D374 /* GripTests.xctest */;
			productType = "com.apple.product-type.bundle.unit-test";
		};
/* End PBXNativeTarget section */

/* Begin PBXProject section */
		509BA65518EB4E960011D374 /* Project object */ = {
			isa = PBXProject;
			attributes = {
				LastUpgradeCheck = 0600;
				ORGANIZATIONNAME = "Mickey Barboi";
				TargetAttributes = {
					509BA65C18EB4E960011D374 = {
						DevelopmentTeam = MBE45279K3;
					};
					509BA67D18EB4E960011D374 = {
						TestTargetID = 509BA65C18EB4E960011D374;
					};
				};
			};
			buildConfigurationList = 509BA65818EB4E960011D374 /* Build configuration list for PBXProject "Grip" */;
			compatibilityVersion = "Xcode 3.2";
			developmentRegion = English;
			hasScannedForEncodings = 0;
			knownRegions = (
				en,
				Base,
			);
			mainGroup = 509BA65418EB4E960011D374;
			productRefGroup = 509BA65E18EB4E960011D374 /* Products */;
			projectDirPath = "";
			projectRoot = "";
			targets = (
				509BA65C18EB4E960011D374 /* Grip */,
				509BA67D18EB4E960011D374 /* GripTests */,
			);
		};
/* End PBXProject section */

/* Begin PBXResourcesBuildPhase section */
		509BA65B18EB4E960011D374 /* Resources */ = {
			isa = PBXResourcesBuildPhase;
			buildActionMask = 2147483647;
			files = (
				50B701B71991D2AB0018FB31 /* Titillium-SemiboldUpright.otf in Resources */,
				50B701B51991D2AB0018FB31 /* Titillium-Semibold.otf in Resources */,
				50B701B31991D2AB0018FB31 /* Titillium-RegularItalic.otf in Resources */,
				50B701B11991D2AB0018FB31 /* Titillium-LightUpright.otf in Resources */,
				50B701B01991D2AB0018FB31 /* Titillium-LightItalic.otf in Resources */,
				50B701B81991D2AB0018FB31 /* Titillium-Thin.otf in Resources */,
				50B701B21991D2AB0018FB31 /* Titillium-Regular.otf in Resources */,
				50B701AD1991D2AB0018FB31 /* Titillium-BoldItalic.otf in Resources */,
				509BA67918EB4E960011D374 /* Images.xcassets in Resources */,
				50B701AC1991D2AB0018FB31 /* Titillium-Bold.otf in Resources */,
				50B701B61991D2AB0018FB31 /* Titillium-SemiboldItalic.otf in Resources */,
				50B701AB1991D2AB0018FB31 /* Titillium-Black.otf in Resources */,
				50B701BA1991D2AB0018FB31 /* Titillium-ThinUpright.otf in Resources */,
				50B701AF1991D2AB0018FB31 /* Titillium-Light.otf in Resources */,
				509BA66B18EB4E960011D374 /* InfoPlist.strings in Resources */,
				50B701B91991D2AB0018FB31 /* Titillium-ThinItalic.otf in Resources */,
				50B701B41991D2AB0018FB31 /* Titillium-RegularUpright.otf in Resources */,
				50B701AE1991D2AB0018FB31 /* Titillium-BoldUpright.otf in Resources */,
				509BA67418EB4E960011D374 /* Main.storyboard in Resources */,
			);
			runOnlyForDeploymentPostprocessing = 0;
		};
		509BA67C18EB4E960011D374 /* Resources */ = {
			isa = PBXResourcesBuildPhase;
			buildActionMask = 2147483647;
			files = (
				509BA68A18EB4E960011D374 /* InfoPlist.strings in Resources */,
			);
			runOnlyForDeploymentPostprocessing = 0;
		};
/* End PBXResourcesBuildPhase section */

/* Begin PBXShellScriptBuildPhase section */
		A25BBA665AEF4F7FB6542DE0 /* Copy Pods Resources */ = {
			isa = PBXShellScriptBuildPhase;
			buildActionMask = 2147483647;
			files = (
			);
			inputPaths = (
			);
			name = "Copy Pods Resources";
			outputPaths = (
			);
			runOnlyForDeploymentPostprocessing = 0;
			shellPath = /bin/sh;
			shellScript = "\"${SRCROOT}/Pods/Target Support Files/Pods/Pods-resources.sh\"\n";
			showEnvVarsInLog = 0;
		};
		D72C0A026DEB4F7E9CB4D697 /* Check Pods Manifest.lock */ = {
			isa = PBXShellScriptBuildPhase;
			buildActionMask = 2147483647;
			files = (
			);
			inputPaths = (
			);
			name = "Check Pods Manifest.lock";
			outputPaths = (
			);
			runOnlyForDeploymentPostprocessing = 0;
			shellPath = /bin/sh;
			shellScript = "diff \"${PODS_ROOT}/../Podfile.lock\" \"${PODS_ROOT}/Manifest.lock\" > /dev/null\nif [[ $? != 0 ]] ; then\n    cat << EOM\nerror: The sandbox is not in sync with the Podfile.lock. Run 'pod install' or update your CocoaPods installation.\nEOM\n    exit 1\nfi\n";
			showEnvVarsInLog = 0;
		};
/* End PBXShellScriptBuildPhase section */

/* Begin PBXSourcesBuildPhase section */
		509BA65918EB4E960011D374 /* Sources */ = {
			isa = PBXSourcesBuildPhase;
			buildActionMask = 2147483647;
			files = (
				50C1A05A1A1297CC0005D961 /* NetworkUtils.swift in Sources */,
				50898DF01A07CE4F00B2EEC1 /* DealTextfieldDelegate.m in Sources */,
				501B6135199259CF00286A6E /* PGArchiver.swift in Sources */,
				509BB197193A756100FC8CC7 /* MBViewAnimator.m in Sources */,
				5048DED7199F0A9B0014ABC4 /* Package.swift in Sources */,
				5099444B19AE86C600E7D004 /* Receipt.swift in Sources */,
				509BB18B193A756100FC8CC7 /* MCTextFieldInterpreter.m in Sources */,
				508F8F3B19F73A5F00610C3F /* GripSpinner.swift in Sources */,
				50E273FF1A22D0CD00C4B732 /* Analytics.swift in Sources */,
				50C1A05C1A12E7FA0005D961 /* PGAppearance.swift in Sources */,
				508F8F3919F7108700610C3F /* Customer.swift in Sources */,
				509BB18A193A756100FC8CC7 /* MCLabelInterpreter.m in Sources */,
				509BB183193A756100FC8CC7 /* MCBinder.m in Sources */,
				500C9C6F1A1600BE0018EE2F /* AccordionDescriptionTable.swift in Sources */,
				50F7F44B1A12F57F00429941 /* GripTextfield.swift in Sources */,
				509BB192193A756100FC8CC7 /* UIImageView+Utils.m in Sources */,
				509BB195193A756100FC8CC7 /* MBObjectUtils.m in Sources */,
				5094B1C61A06F14500FE8BDD /* CustomerCollectionViewDelegate.swift in Sources */,
				5095EC6919AD49AF00D887F7 /* GripButton.swift in Sources */,
				5099444919AE86C100E7D004 /* ProductReceipt.swift in Sources */,
				5032BAB91A15B31F00A8359A /* Settings.swift in Sources */,
				507D0476193E7CA4003CC3B6 /* ProductTableViewCell.m in Sources */,
				509BB185193A756100FC8CC7 /* MCCollectionView.m in Sources */,
				509BB187193A756100FC8CC7 /* MCTableView.m in Sources */,
				50AF2A8519DF32DF00F49EEE /* SignatureViewQuartzQuadratic.m in Sources */,
				5097550B19AED59E006E7859 /* Rollback.swift in Sources */,
				509BB181193A756100FC8CC7 /* MBProgressHUD.m in Sources */,
				500C9C741A16195E0018EE2F /* Detail.swift in Sources */,
				509BB184193A756100FC8CC7 /* MCProperty.m in Sources */,
				503BC46D1A01CF7F00CA22DC /* S3FileManager.swift in Sources */,
				509BB18C193A756100FC8CC7 /* MCTextViewInterpreter.m in Sources */,
				5094B1C81A06F14C00FE8BDD /* MerchandiseCollectionViewDelegate.swift in Sources */,
				50637C63199247F40010A6EF /* User.swift in Sources */,
				509BB18E193A756100FC8CC7 /* MBPickerView.m in Sources */,
				509BA69E18EB50930011D374 /* DealViewController.m in Sources */,
				50AB237319B0F381001D62AB /* MBViewPaneSlider.swift in Sources */,
				509BB193193A756100FC8CC7 /* UILabel+Utils.m in Sources */,
				509BB188193A756100FC8CC7 /* MCButtonInterpreter.m in Sources */,
				50E8A84B1A18910800DA2DD7 /* CustomerMerchandiseDialog.m in Sources */,
				5094B1C21A06F12A00FE8BDD /* CustomerMerchCollectionCell.swift in Sources */,
				5095EC6C19AD595600D887F7 /* UIImage+Utils.m in Sources */,
				5097550919AED47A006E7859 /* Dealmaker.swift in Sources */,
				509BB18D193A756100FC8CC7 /* MCUIElementInterpreter.m in Sources */,
				50AB237119B0EEFE001D62AB /* PackageTableViewDelegate.swift in Sources */,
				509BB191193A756100FC8CC7 /* UIButton+Utils.m in Sources */,
				509BB190193A756100FC8CC7 /* NSString+Utils.m in Sources */,
				509BA67118EB4E960011D374 /* AppDelegate.m in Sources */,
				509BA69B18EB50620011D374 /* LandingViewController.m in Sources */,
				50EC987D199236D400C62BFE /* PGApiManager.swift in Sources */,
				507D0470193E7A18003CC3B6 /* UIView+Utils.m in Sources */,
				509BB196193A756100FC8CC7 /* MBPreCacher.m in Sources */,
				509BB186193A756100FC8CC7 /* MCCollectionViewDelegate.m in Sources */,
				5053F108194132B400EDF062 /* RMSwipeTableViewCell.m in Sources */,
				502F0434193FC90900516A0F /* ProductTableViewDelegate.m in Sources */,
				509BA66D18EB4E960011D374 /* main.m in Sources */,
				509BB18F193A756100FC8CC7 /* MBBoilerplateUtils.m in Sources */,
				50CC00FF1A02CC1F00ED1E9D /* SigningViewController.swift in Sources */,
				50D718F319F7B65E00E6B731 /* PDFFactory.swift in Sources */,
				50C1A05E1A12EC3E0005D961 /* MBUtils.swift in Sources */,
				509051291A20881000750A31 /* TutorialViewController.swift in Sources */,
				500C9C721A1601250018EE2F /* DescriptionCell.swift in Sources */,
				509BB189193A756100FC8CC7 /* MCImageViewInterpreter.m in Sources */,
				5048DED8199F0A9B0014ABC4 /* Product.swift in Sources */,
			);
			runOnlyForDeploymentPostprocessing = 0;
		};
		509BA67A18EB4E960011D374 /* Sources */ = {
			isa = PBXSourcesBuildPhase;
			buildActionMask = 2147483647;
			files = (
				509BA68C18EB4E960011D374 /* GripTests.m in Sources */,
			);
			runOnlyForDeploymentPostprocessing = 0;
		};
/* End PBXSourcesBuildPhase section */

/* Begin PBXTargetDependency section */
		509BA68418EB4E960011D374 /* PBXTargetDependency */ = {
			isa = PBXTargetDependency;
			target = 509BA65C18EB4E960011D374 /* Grip */;
			targetProxy = 509BA68318EB4E960011D374 /* PBXContainerItemProxy */;
		};
/* End PBXTargetDependency section */

/* Begin PBXVariantGroup section */
		509BA66918EB4E960011D374 /* InfoPlist.strings */ = {
			isa = PBXVariantGroup;
			children = (
				509BA66A18EB4E960011D374 /* en */,
			);
			name = InfoPlist.strings;
			sourceTree = "<group>";
		};
		509BA67218EB4E960011D374 /* Main.storyboard */ = {
			isa = PBXVariantGroup;
			children = (
				509BA67318EB4E960011D374 /* Base */,
			);
			name = Main.storyboard;
			sourceTree = "<group>";
		};
		509BA68818EB4E960011D374 /* InfoPlist.strings */ = {
			isa = PBXVariantGroup;
			children = (
				509BA68918EB4E960011D374 /* en */,
			);
			name = InfoPlist.strings;
			sourceTree = "<group>";
		};
/* End PBXVariantGroup section */

/* Begin XCBuildConfiguration section */
		509BA68D18EB4E960011D374 /* Debug */ = {
			isa = XCBuildConfiguration;
			buildSettings = {
				ALWAYS_SEARCH_USER_PATHS = NO;
				ARCHS = "$(ARCHS_STANDARD)";
				CLANG_CXX_LANGUAGE_STANDARD = "gnu++0x";
				CLANG_CXX_LIBRARY = "libc++";
				CLANG_ENABLE_MODULES = YES;
				CLANG_ENABLE_OBJC_ARC = YES;
				CLANG_WARN_BOOL_CONVERSION = YES;
				CLANG_WARN_CONSTANT_CONVERSION = YES;
				CLANG_WARN_DIRECT_OBJC_ISA_USAGE = YES_ERROR;
				CLANG_WARN_EMPTY_BODY = YES;
				CLANG_WARN_ENUM_CONVERSION = YES;
				CLANG_WARN_INT_CONVERSION = YES;
				CLANG_WARN_OBJC_ROOT_CLASS = YES_ERROR;
				CLANG_WARN__DUPLICATE_METHOD_MATCH = YES;
				"CODE_SIGN_IDENTITY[sdk=iphoneos*]" = "iPhone Developer";
				COPY_PHASE_STRIP = NO;
				EMBEDDED_CONTENT_CONTAINS_SWIFT = NO;
				GCC_C_LANGUAGE_STANDARD = gnu99;
				GCC_DYNAMIC_NO_PIC = NO;
				GCC_OPTIMIZATION_LEVEL = 0;
				GCC_PREPROCESSOR_DEFINITIONS = (
					"DEBUG=1",
					"$(inherited)",
				);
				GCC_SYMBOLS_PRIVATE_EXTERN = NO;
				GCC_WARN_64_TO_32_BIT_CONVERSION = YES;
				GCC_WARN_ABOUT_RETURN_TYPE = YES_ERROR;
				GCC_WARN_UNDECLARED_SELECTOR = YES;
				GCC_WARN_UNINITIALIZED_AUTOS = YES;
				GCC_WARN_UNUSED_FUNCTION = YES;
				GCC_WARN_UNUSED_VARIABLE = YES;
				IPHONEOS_DEPLOYMENT_TARGET = 8.0;
				ONLY_ACTIVE_ARCH = NO;
				SDKROOT = iphoneos;
				SWIFT_OBJC_BRIDGING_HEADER = "Grip/Grip-Bridging-Header.h";
				TARGETED_DEVICE_FAMILY = 2;
				VALID_ARCHS = "armv7s armv7 arm64";
			};
			name = Debug;
		};
		509BA68E18EB4E960011D374 /* Release */ = {
			isa = XCBuildConfiguration;
			buildSettings = {
				ALWAYS_SEARCH_USER_PATHS = NO;
				ARCHS = "$(ARCHS_STANDARD)";
				CLANG_CXX_LANGUAGE_STANDARD = "gnu++0x";
				CLANG_CXX_LIBRARY = "libc++";
				CLANG_ENABLE_MODULES = YES;
				CLANG_ENABLE_OBJC_ARC = YES;
				CLANG_WARN_BOOL_CONVERSION = YES;
				CLANG_WARN_CONSTANT_CONVERSION = YES;
				CLANG_WARN_DIRECT_OBJC_ISA_USAGE = YES_ERROR;
				CLANG_WARN_EMPTY_BODY = YES;
				CLANG_WARN_ENUM_CONVERSION = YES;
				CLANG_WARN_INT_CONVERSION = YES;
				CLANG_WARN_OBJC_ROOT_CLASS = YES_ERROR;
				CLANG_WARN__DUPLICATE_METHOD_MATCH = YES;
				"CODE_SIGN_IDENTITY[sdk=iphoneos*]" = "iPhone Developer";
				COPY_PHASE_STRIP = YES;
				EMBEDDED_CONTENT_CONTAINS_SWIFT = NO;
				ENABLE_NS_ASSERTIONS = NO;
				GCC_C_LANGUAGE_STANDARD = gnu99;
				GCC_WARN_64_TO_32_BIT_CONVERSION = YES;
				GCC_WARN_ABOUT_RETURN_TYPE = YES_ERROR;
				GCC_WARN_UNDECLARED_SELECTOR = YES;
				GCC_WARN_UNINITIALIZED_AUTOS = YES;
				GCC_WARN_UNUSED_FUNCTION = YES;
				GCC_WARN_UNUSED_VARIABLE = YES;
				IPHONEOS_DEPLOYMENT_TARGET = 8.0;
				SDKROOT = iphoneos;
				SWIFT_OBJC_BRIDGING_HEADER = "Grip/Grip-Bridging-Header.h";
				TARGETED_DEVICE_FAMILY = 2;
				VALIDATE_PRODUCT = YES;
				VALID_ARCHS = "armv7s armv7 arm64";
			};
			name = Release;
		};
		509BA69018EB4E960011D374 /* Debug */ = {
			isa = XCBuildConfiguration;
			baseConfigurationReference = 57A7D9BD59B9FFFE3C20B052 /* Pods.debug.xcconfig */;
			buildSettings = {
				ARCHS = "$(ARCHS_STANDARD)";
				ASSETCATALOG_COMPILER_APPICON_NAME = AppIcon;
				ASSETCATALOG_COMPILER_LAUNCHIMAGE_NAME = LaunchImage;
				CLANG_ENABLE_MODULES = YES;
				CODE_SIGN_IDENTITY = "iPhone Developer: Mickey Barboi (JH98MY68A9)";
				"CODE_SIGN_IDENTITY[sdk=iphoneos*]" = "";
				GCC_PRECOMPILE_PREFIX_HEADER = YES;
				GCC_PREFIX_HEADER = "Grip/Grip-Prefix.pch";
				INFOPLIST_FILE = "Grip/Grip-Info.plist";
				IPHONEOS_DEPLOYMENT_TARGET = 8.0;
				LD_RUNPATH_SEARCH_PATHS = "$(inherited) @executable_path/Frameworks";
				ONLY_ACTIVE_ARCH = NO;
				PRODUCT_NAME = "$(TARGET_NAME)";
				PROVISIONING_PROFILE = "07b29188-807a-466c-9ef8-9af647c249f1";
				SDKROOT = iphoneos;
				SWIFT_OBJC_BRIDGING_HEADER = "Grip/Grip-Bridging-Header.h";
				SWIFT_OPTIMIZATION_LEVEL = "-Onone";
				VALID_ARCHS = "armv7s armv7 arm64";
				WRAPPER_EXTENSION = app;
			};
			name = Debug;
		};
		509BA69118EB4E960011D374 /* Release */ = {
			isa = XCBuildConfiguration;
			baseConfigurationReference = 59A0F1C841230A0A82BB3B08 /* Pods.release.xcconfig */;
			buildSettings = {
				ARCHS = "$(ARCHS_STANDARD)";
				ASSETCATALOG_COMPILER_APPICON_NAME = AppIcon;
				ASSETCATALOG_COMPILER_LAUNCHIMAGE_NAME = LaunchImage;
				CLANG_ENABLE_MODULES = YES;
				CODE_SIGN_IDENTITY = "iPhone Developer: Mickey Barboi (JH98MY68A9)";
				"CODE_SIGN_IDENTITY[sdk=iphoneos*]" = "";
				GCC_PRECOMPILE_PREFIX_HEADER = YES;
				GCC_PREFIX_HEADER = "Grip/Grip-Prefix.pch";
				INFOPLIST_FILE = "Grip/Grip-Info.plist";
				IPHONEOS_DEPLOYMENT_TARGET = 8.0;
				LD_RUNPATH_SEARCH_PATHS = "$(inherited) @executable_path/Frameworks";
				ONLY_ACTIVE_ARCH = NO;
				PRODUCT_NAME = "$(TARGET_NAME)";
				PROVISIONING_PROFILE = "53bdd3ad-9514-4fcb-b13f-107faf51f983";
				SDKROOT = iphoneos;
				SWIFT_OBJC_BRIDGING_HEADER = "Grip/Grip-Bridging-Header.h";
				SWIFT_OPTIMIZATION_LEVEL = "-Onone";
				VALID_ARCHS = "armv7s armv7 arm64";
				WRAPPER_EXTENSION = app;
			};
			name = Release;
		};
		509BA69318EB4E960011D374 /* Debug */ = {
			isa = XCBuildConfiguration;
			buildSettings = {
				BUNDLE_LOADER = "$(BUILT_PRODUCTS_DIR)/Grip.app/Grip";
				FRAMEWORK_SEARCH_PATHS = (
					"$(SDKROOT)/Developer/Library/Frameworks",
					"$(inherited)",
					"$(DEVELOPER_FRAMEWORKS_DIR)",
				);
				GCC_PRECOMPILE_PREFIX_HEADER = YES;
				GCC_PREFIX_HEADER = "Grip/Grip-Prefix.pch";
				GCC_PREPROCESSOR_DEFINITIONS = (
					"DEBUG=1",
					"$(inherited)",
				);
				INFOPLIST_FILE = "GripTests/GripTests-Info.plist";
				PRODUCT_NAME = "$(TARGET_NAME)";
				TEST_HOST = "$(BUNDLE_LOADER)";
				WRAPPER_EXTENSION = xctest;
			};
			name = Debug;
		};
		509BA69418EB4E960011D374 /* Release */ = {
			isa = XCBuildConfiguration;
			buildSettings = {
				BUNDLE_LOADER = "$(BUILT_PRODUCTS_DIR)/Grip.app/Grip";
				FRAMEWORK_SEARCH_PATHS = (
					"$(SDKROOT)/Developer/Library/Frameworks",
					"$(inherited)",
					"$(DEVELOPER_FRAMEWORKS_DIR)",
				);
				GCC_PRECOMPILE_PREFIX_HEADER = YES;
				GCC_PREFIX_HEADER = "Grip/Grip-Prefix.pch";
				INFOPLIST_FILE = "GripTests/GripTests-Info.plist";
				PRODUCT_NAME = "$(TARGET_NAME)";
				TEST_HOST = "$(BUNDLE_LOADER)";
				WRAPPER_EXTENSION = xctest;
			};
			name = Release;
		};
/* End XCBuildConfiguration section */

/* Begin XCConfigurationList section */
		509BA65818EB4E960011D374 /* Build configuration list for PBXProject "Grip" */ = {
			isa = XCConfigurationList;
			buildConfigurations = (
				509BA68D18EB4E960011D374 /* Debug */,
				509BA68E18EB4E960011D374 /* Release */,
			);
			defaultConfigurationIsVisible = 0;
			defaultConfigurationName = Release;
		};
		509BA68F18EB4E960011D374 /* Build configuration list for PBXNativeTarget "Grip" */ = {
			isa = XCConfigurationList;
			buildConfigurations = (
				509BA69018EB4E960011D374 /* Debug */,
				509BA69118EB4E960011D374 /* Release */,
			);
			defaultConfigurationIsVisible = 0;
			defaultConfigurationName = Release;
		};
		509BA69218EB4E960011D374 /* Build configuration list for PBXNativeTarget "GripTests" */ = {
			isa = XCConfigurationList;
			buildConfigurations = (
				509BA69318EB4E960011D374 /* Debug */,
				509BA69418EB4E960011D374 /* Release */,
			);
			defaultConfigurationIsVisible = 0;
			defaultConfigurationName = Release;
		};
/* End XCConfigurationList section */
	};
	rootObject = 509BA65518EB4E960011D374 /* Project object */;
}
